// !$*UTF8*$!
{
	archiveVersion = 1;
	classes = {
	};
	objectVersion = 46;
	objects = {

/* Begin PBXBuildFile section */
		49CA0F071E462B3E00080D78 /* AppDelegate.swift in Sources */ = {isa = PBXBuildFile; fileRef = 49CA0F061E462B3E00080D78 /* AppDelegate.swift */; };
		49CA0F091E462B3E00080D78 /* ViewController.swift in Sources */ = {isa = PBXBuildFile; fileRef = 49CA0F081E462B3E00080D78 /* ViewController.swift */; };
		49CA0F0C1E462B3E00080D78 /* Main.storyboard in Resources */ = {isa = PBXBuildFile; fileRef = 49CA0F0A1E462B3E00080D78 /* Main.storyboard */; };
		49CA0F0E1E462B3E00080D78 /* Assets.xcassets in Resources */ = {isa = PBXBuildFile; fileRef = 49CA0F0D1E462B3E00080D78 /* Assets.xcassets */; };
		49CA0F111E462B3E00080D78 /* LaunchScreen.storyboard in Resources */ = {isa = PBXBuildFile; fileRef = 49CA0F0F1E462B3E00080D78 /* LaunchScreen.storyboard */; };
/* End PBXBuildFile section */

/* Begin PBXFileReference section */
		49CA0F031E462B3E00080D78 /* stanford-course-calculator.app */ = {isa = PBXFileReference; explicitFileType = wrapper.application; includeInIndex = 0; path = "stanford-course-calculator.app"; sourceTree = BUILT_PRODUCTS_DIR; };
		49CA0F061E462B3E00080D78 /* AppDelegate.swift */ = {isa = PBXFileReference; lastKnownFileType = sourcecode.swift; path = AppDelegate.swift; sourceTree = "<group>"; };
		49CA0F081E462B3E00080D78 /* ViewController.swift */ = {isa = PBXFileReference; lastKnownFileType = sourcecode.swift; path = ViewController.swift; sourceTree = "<group>"; };
		49CA0F0B1E462B3E00080D78 /* Base */ = {isa = PBXFileReference; lastKnownFileType = file.storyboard; name = Base; path = Base.lproj/Main.storyboard; sourceTree = "<group>"; };
		49CA0F0D1E462B3E00080D78 /* Assets.xcassets */ = {isa = PBXFileReference; lastKnownFileType = folder.assetcatalog; path = Assets.xcassets; sourceTree = "<group>"; };
		49CA0F101E462B3E00080D78 /* Base */ = {isa = PBXFileReference; lastKnownFileType = file.storyboard; name = Base; path = Base.lproj/LaunchScreen.storyboard; sourceTree = "<group>"; };
		49CA0F121E462B3E00080D78 /* Info.plist */ = {isa = PBXFileReference; lastKnownFileType = text.plist.xml; path = Info.plist; sourceTree = "<group>"; };
/* End PBXFileReference section */

/* Begin PBXFrameworksBuildPhase section */
		49CA0F001E462B3D00080D78 /* Frameworks */ = {
			isa = PBXFrameworksBuildPhase;
			buildActionMask = 2147483647;
			files = (
			);
			runOnlyForDeploymentPostprocessing = 0;
		};
/* End PBXFrameworksBuildPhase section */

/* Begin PBXGroup section */
		49CA0EFA1E462B3D00080D78 = {
			isa = PBXGroup;
			children = (
				49CA0F051E462B3E00080D78 /* stanford-course-calculator */,
				49CA0F041E462B3E00080D78 /* Products */,
			);
			sourceTree = "<group>";
		};
		49CA0F041E462B3E00080D78 /* Products */ = {
			isa = PBXGroup;
			children = (
				49CA0F031E462B3E00080D78 /* stanford-course-calculator.app */,
			);
			name = Products;
			sourceTree = "<group>";
		};
		49CA0F051E462B3E00080D78 /* stanford-course-calculator */ = {
			isa = PBXGroup;
			children = (
				49CA0F181E462C6200080D78 /* Supporting Files */,
				49CA0F081E462B3E00080D78 /* ViewController.swift */,
				49CA0F0A1E462B3E00080D78 /* Main.storyboard */,
			);
			path = "stanford-course-calculator";
			sourceTree = "<group>";
		};
		49CA0F181E462C6200080D78 /* Supporting Files */ = {
			isa = PBXGroup;
			children = (
				49CA0F061E462B3E00080D78 /* AppDelegate.swift */,
				49CA0F0D1E462B3E00080D78 /* Assets.xcassets */,
				49CA0F0F1E462B3E00080D78 /* LaunchScreen.storyboard */,
				49CA0F121E462B3E00080D78 /* Info.plist */,
			);
			name = "Supporting Files";
			sourceTree = "<group>";
		};
/* End PBXGroup section */

/* Begin PBXNativeTarget section */
		49CA0F021E462B3D00080D78 /* stanford-course-calculator */ = {
			isa = PBXNativeTarget;
			buildConfigurationList = 49CA0F151E462B3E00080D78 /* Build configuration list for PBXNativeTarget "stanford-course-calculator" */;
			buildPhases = (
				49CA0EFF1E462B3D00080D78 /* Sources */,
				49CA0F001E462B3D00080D78 /* Frameworks */,
				49CA0F011E462B3D00080D78 /* Resources */,
			);
			buildRules = (
			);
			dependencies = (
			);
			name = "stanford-course-calculator";
			productName = "stanford-course-calculator";
			productReference = 49CA0F031E462B3E00080D78 /* stanford-course-calculator.app */;
			productType = "com.apple.product-type.application";
		};
/* End PBXNativeTarget section */

/* Begin PBXProject section */
		49CA0EFB1E462B3D00080D78 /* Project object */ = {
			isa = PBXProject;
			attributes = {
				LastSwiftUpdateCheck = 0820;
				LastUpgradeCheck = 0820;
				ORGANIZATIONNAME = "Luís Vendrame";
				TargetAttributes = {
					49CA0F021E462B3D00080D78 = {
						CreatedOnToolsVersion = 8.2.1;
						DevelopmentTeam = TBY65CBLGA;
						ProvisioningStyle = Automatic;
					};
				};
			};
			buildConfigurationList = 49CA0EFE1E462B3D00080D78 /* Build configuration list for PBXProject "stanford-course-calculator" */;
			compatibilityVersion = "Xcode 3.2";
			developmentRegion = English;
			hasScannedForEncodings = 0;
			knownRegions = (
				en,
				Base,
			);
			mainGroup = 49CA0EFA1E462B3D00080D78;
			productRefGroup = 49CA0F041E462B3E00080D78 /* Products */;
			projectDirPath = "";
			projectRoot = "";
			targets = (
				49CA0F021E462B3D00080D78 /* stanford-course-calculator */,
			);
		};
/* End PBXProject section */

/* Begin PBXResourcesBuildPhase section */
		49CA0F011E462B3D00080D78 /* Resources */ = {
			isa = PBXResourcesBuildPhase;
			buildActionMask = 2147483647;
			files = (
				49CA0F111E462B3E00080D78 /* LaunchScreen.storyboard in Resources */,
				49CA0F0E1E462B3E00080D78 /* Assets.xcassets in Resources */,
				49CA0F0C1E462B3E00080D78 /* Main.storyboard in Resources */,
			);
			runOnlyForDeploymentPostprocessing = 0;
		};
/* End PBXResourcesBuildPhase section */

/* Begin PBXSourcesBuildPhase section */
		49CA0EFF1E462B3D00080D78 /* Sources */ = {
			isa = PBXSourcesBuildPhase;
			buildActionMask = 2147483647;
			files = (
				49CA0F091E462B3E00080D78 /* ViewController.swift in Sources */,
				49CA0F071E462B3E00080D78 /* AppDelegate.swift in Sources */,
			);
			runOnlyForDeploymentPostprocessing = 0;
		};
/* End PBXSourcesBuildPhase section */

/* Begin PBXVariantGroup section */
		49CA0F0A1E462B3E00080D78 /* Main.storyboard */ = {
			isa = PBXVariantGroup;
			children = (
				49CA0F0B1E462B3E00080D78 /* Base */,
			);
			name = Main.storyboard;
			sourceTree = "<group>";
		};
		49CA0F0F1E462B3E00080D78 /* LaunchScreen.storyboard */ = {
			isa = PBXVariantGroup;
			children = (
				49CA0F101E462B3E00080D78 /* Base */,
			);
			name = LaunchScreen.storyboard;
			sourceTree = "<group>";
		};
/* End PBXVariantGroup section */

/* Begin XCBuildConfiguration section */
		49CA0F131E462B3E00080D78 /* Debug */ = {
			isa = XCBuildConfiguration;
			buildSettings = {
				ALWAYS_SEARCH_USER_PATHS = NO;
				CLANG_ANALYZER_NONNULL = YES;
				CLANG_CXX_LANGUAGE_STANDARD = "gnu++0x";
				CLANG_CXX_LIBRARY = "libc++";
				CLANG_ENABLE_MODULES = YES;
				CLANG_ENABLE_OBJC_ARC = YES;
				CLANG_WARN_BOOL_CONVERSION = YES;
				CLANG_WARN_CONSTANT_CONVERSION = YES;
				CLANG_WARN_DIRECT_OBJC_ISA_USAGE = YES_ERROR;
				CLANG_WARN_DOCUMENTATION_COMMENTS = YES;
				CLANG_WARN_EMPTY_BODY = YES;
				CLANG_WARN_ENUM_CONVERSION = YES;
				CLANG_WARN_INFINITE_RECURSION = YES;
				CLANG_WARN_INT_CONVERSION = YES;
				CLANG_WARN_OBJC_ROOT_CLASS = YES_ERROR;
				CLANG_WARN_SUSPICIOUS_MOVE = YES;
				CLANG_WARN_UNREACHABLE_CODE = YES;
				CLANG_WARN__DUPLICATE_METHOD_MATCH = YES;
				"CODE_SIGN_IDENTITY[sdk=iphoneos*]" = "iPhone Developer";
				COPY_PHASE_STRIP = NO;
				DEBUG_INFORMATION_FORMAT = dwarf;
				ENABLE_STRICT_OBJC_MSGSEND = YES;
				ENABLE_TESTABILITY = YES;
				GCC_C_LANGUAGE_STANDARD = gnu99;
				GCC_DYNAMIC_NO_PIC = NO;
				GCC_NO_COMMON_BLOCKS = YES;
				GCC_OPTIMIZATION_LEVEL = 0;
				GCC_PREPROCESSOR_DEFINITIONS = (
					"DEBUG=1",
					"$(inherited)",
				);
				GCC_WARN_64_TO_32_BIT_CONVERSION = YES;
				GCC_WARN_ABOUT_RETURN_TYPE = YES_ERROR;
				GCC_WARN_UNDECLARED_SELECTOR = YES;
				GCC_WARN_UNINITIALIZED_AUTOS = YES_AGGRESSIVE;
				GCC_WARN_UNUSED_FUNCTION = YES;
				GCC_WARN_UNUSED_VARIABLE = YES;
				IPHONEOS_DEPLOYMENT_TARGET = 10.2;
				MTL_ENABLE_DEBUG_INFO = YES;
				ONLY_ACTIVE_ARCH = YES;
				SDKROOT = iphoneos;
				SWIFT_ACTIVE_COMPILATION_CONDITIONS = DEBUG;
				SWIFT_OPTIMIZATION_LEVEL = "-Onone";
				TARGETED_DEVICE_FAMILY = "1,2";
			};
			name = Debug;
		};
		49CA0F141E462B3E00080D78 /* Release */ = {
			isa = XCBuildConfiguration;
			buildSettings = {
				ALWAYS_SEARCH_USER_PATHS = NO;
				CLANG_ANALYZER_NONNULL = YES;
				CLANG_CXX_LANGUAGE_STANDARD = "gnu++0x";
				CLANG_CXX_LIBRARY = "libc++";
				CLANG_ENABLE_MODULES = YES;
				CLANG_ENABLE_OBJC_ARC = YES;
				CLANG_WARN_BOOL_CONVERSION = YES;
				CLANG_WARN_CONSTANT_CONVERSION = YES;
				CLANG_WARN_DIRECT_OBJC_ISA_USAGE = YES_ERROR;
				CLANG_WARN_DOCUMENTATION_COMMENTS = YES;
				CLANG_WARN_EMPTY_BODY = YES;
				CLANG_WARN_ENUM_CONVERSION = YES;
				CLANG_WARN_INFINITE_RECURSION = YES;
				CLANG_WARN_INT_CONVERSION = YES;
				CLANG_WARN_OBJC_ROOT_CLASS = YES_ERROR;
				CLANG_WARN_SUSPICIOUS_MOVE = YES;
				CLANG_WARN_UNREACHABLE_CODE = YES;
				CLANG_WARN__DUPLICATE_METHOD_MATCH = YES;
				"CODE_SIGN_IDENTITY[sdk=iphoneos*]" = "iPhone Developer";
				COPY_PHASE_STRIP = NO;
				DEBUG_INFORMATION_FORMAT = "dwarf-with-dsym";
				ENABLE_NS_ASSERTIONS = NO;
				ENABLE_STRICT_OBJC_MSGSEND = YES;
				GCC_C_LANGUAGE_STANDARD = gnu99;
				GCC_NO_COMMON_BLOCKS = YES;
				GCC_WARN_64_TO_32_BIT_CONVERSION = YES;
				GCC_WARN_ABOUT_RETURN_TYPE = YES_ERROR;
				GCC_WARN_UNDECLARED_SELECTOR = YES;
				GCC_WARN_UNINITIALIZED_AUTOS = YES_AGGRESSIVE;
				GCC_WARN_UNUSED_FUNCTION = YES;
				GCC_WARN_UNUSED_VARIABLE = YES;
				IPHONEOS_DEPLOYMENT_TARGET = 10.2;
				MTL_ENABLE_DEBUG_INFO = NO;
				SDKROOT = iphoneos;
				SWIFT_OPTIMIZATION_LEVEL = "-Owholemodule";
				TARGETED_DEVICE_FAMILY = "1,2";
				VALIDATE_PRODUCT = YES;
			};
			name = Release;
		};
		49CA0F161E462B3E00080D78 /* Debug */ = {
			isa = XCBuildConfiguration;
			buildSettings = {
				ASSETCATALOG_COMPILER_APPICON_NAME = AppIcon;
				"CODE_SIGN_IDENTITY[sdk=iphoneos*]" = "iPhone Developer";
				DEVELOPMENT_TEAM = TBY65CBLGA;
				INFOPLIST_FILE = "stanford-course-calculator/Info.plist";
				LD_RUNPATH_SEARCH_PATHS = "$(inherited) @executable_path/Frameworks";
				PRODUCT_BUNDLE_IDENTIFIER = "lvendrame.stanford-course-calculator";
				PRODUCT_NAME = "$(TARGET_NAME)";
				SWIFT_VERSION = 3.0;
			};
			name = Debug;
		};
		49CA0F171E462B3E00080D78 /* Release */ = {
			isa = XCBuildConfiguration;
			buildSettings = {
				ASSETCATALOG_COMPILER_APPICON_NAME = AppIcon;
				"CODE_SIGN_IDENTITY[sdk=iphoneos*]" = "iPhone Developer";
				DEVELOPMENT_TEAM = TBY65CBLGA;
				INFOPLIST_FILE = "stanford-course-calculator/Info.plist";
				LD_RUNPATH_SEARCH_PATHS = "$(inherited) @executable_path/Frameworks";
				PRODUCT_BUNDLE_IDENTIFIER = "lvendrame.stanford-course-calculator";
				PRODUCT_NAME = "$(TARGET_NAME)";
				SWIFT_VERSION = 3.0;
			};
			name = Release;
		};
/* End XCBuildConfiguration section */

/* Begin XCConfigurationList section */
		49CA0EFE1E462B3D00080D78 /* Build configuration list for PBXProject "stanford-course-calculator" */ = {
			isa = XCConfigurationList;
			buildConfigurations = (
				49CA0F131E462B3E00080D78 /* Debug */,
				49CA0F141E462B3E00080D78 /* Release */,
			);
			defaultConfigurationIsVisible = 0;
			defaultConfigurationName = Release;
		};
		49CA0F151E462B3E00080D78 /* Build configuration list for PBXNativeTarget "stanford-course-calculator" */ = {
			isa = XCConfigurationList;
			buildConfigurations = (
				49CA0F161E462B3E00080D78 /* Debug */,
				49CA0F171E462B3E00080D78 /* Release */,
			);
			defaultConfigurationIsVisible = 0;
		};
/* End XCConfigurationList section */
	};
	rootObject = 49CA0EFB1E462B3D00080D78 /* Project object */;
}
